
Microsoft Visual Studio Solution File, Format Version 12.00
# Visual Studio 2017
Project("{FAE04EC0-301F-11D3-BF4B-00C04F79EFBC}") = "sgllapp", "sgllapp.csproj", "{D7EF19F8-700C-42CD-82A4-C593124EDD56}"
EndProject
Global
	GlobalSection(SolutionConfigurationPlatforms) = preSolution
		Debug|Any CPU = Debug|Any CPU
		Release|Any CPU = Release|Any CPU
	EndGlobalSection
	GlobalSection(ProjectConfigurationPlatforms) = postSolution
		{D7EF19F8-700C-42CD-82A4-C593124EDD56}.Debug|Any CPU.ActiveCfg = Debug|Any CPU
		{D7EF19F8-700C-42CD-82A4-C593124EDD56}.Debug|Any CPU.Build.0 = Debug|Any CPU
		{D7EF19F8-700C-42CD-82A4-C593124EDD56}.Release|Any CPU.ActiveCfg = Release|Any CPU
		{D7EF19F8-700C-42CD-82A4-C593124EDD56}.Release|Any CPU.Build.0 = Release|Any CPU
	EndGlobalSection
EndGlobal
